
Microsoft Visual Studio Solution File, Format Version 12.00
# Visual Studio Version 16
VisualStudioVersion = 16.0.31005.135
MinimumVisualStudioVersion = 10.0.40219.1
Project("{FAE04EC0-301F-11D3-BF4B-00C04F79EFBC}") = "MindBox", "MindBox\MindBox.csproj", "{10E93230-C380-4D00-9558-A1C37052502A}"
EndProject
Project("{FAE04EC0-301F-11D3-BF4B-00C04F79EFBC}") = "MindBoxLib", "MindBoxLib\MindBoxLib.csproj", "{75C62169-A9B7-49E3-B2CE-5D6AE01EEF7A}"
EndProject
Global
	GlobalSection(SolutionConfigurationPlatforms) = preSolution
		Debug|Any CPU = Debug|Any CPU
		Release|Any CPU = Release|Any CPU
	EndGlobalSection
	GlobalSection(ProjectConfigurationPlatforms) = postSolution
		{10E93230-C380-4D00-9558-A1C37052502A}.Debug|Any CPU.ActiveCfg = Debug|Any CPU
		{10E93230-C380-4D00-9558-A1C37052502A}.Debug|Any CPU.Build.0 = Debug|Any CPU
		{10E93230-C380-4D00-9558-A1C37052502A}.Release|Any CPU.ActiveCfg = Release|Any CPU
		{10E93230-C380-4D00-9558-A1C37052502A}.Release|Any CPU.Build.0 = Release|Any CPU
		{75C62169-A9B7-49E3-B2CE-5D6AE01EEF7A}.Debug|Any CPU.ActiveCfg = Debug|Any CPU
		{75C62169-A9B7-49E3-B2CE-5D6AE01EEF7A}.Debug|Any CPU.Build.0 = Debug|Any CPU
		{75C62169-A9B7-49E3-B2CE-5D6AE01EEF7A}.Release|Any CPU.ActiveCfg = Release|Any CPU
		{75C62169-A9B7-49E3-B2CE-5D6AE01EEF7A}.Release|Any CPU.Build.0 = Release|Any CPU
	EndGlobalSection
	GlobalSection(SolutionProperties) = preSolution
		HideSolutionNode = FALSE
	EndGlobalSection
	GlobalSection(ExtensibilityGlobals) = postSolution
		SolutionGuid = {89096238-F784-47CE-9498-A532E82F1423}
	EndGlobalSection
EndGlobal
